
Microsoft Visual Studio Solution File, Format Version 12.00
# Visual Studio Version 17
VisualStudioVersion = 17.13.35931.197 d17.13
MinimumVisualStudioVersion = 10.0.40219.1
Project("{FAE04EC0-301F-11D3-BF4B-00C04F79EFBC}") = "ProjectCar", "ProjectCar\ProjectCar.csproj", "{C0F30F75-E1C6-4FA5-9790-1020BDB0A3D1}"
EndProject
Global
	GlobalSection(SolutionConfigurationPlatforms) = preSolution
		Debug|Any CPU = Debug|Any CPU
		Release|Any CPU = Release|Any CPU
	EndGlobalSection
	GlobalSection(ProjectConfigurationPlatforms) = postSolution
		{C0F30F75-E1C6-4FA5-9790-1020BDB0A3D1}.Debug|Any CPU.ActiveCfg = Debug|Any CPU
		{C0F30F75-E1C6-4FA5-9790-1020BDB0A3D1}.Debug|Any CPU.Build.0 = Debug|Any CPU
		{C0F30F75-E1C6-4FA5-9790-1020BDB0A3D1}.Release|Any CPU.ActiveCfg = Release|Any CPU
		{C0F30F75-E1C6-4FA5-9790-1020BDB0A3D1}.Release|Any CPU.Build.0 = Release|Any CPU
	EndGlobalSection
	GlobalSection(SolutionProperties) = preSolution
		HideSolutionNode = FALSE
	EndGlobalSection
	GlobalSection(ExtensibilityGlobals) = postSolution
		SolutionGuid = {FB92CEF3-8A08-412D-99E5-0031E75910E9}
	EndGlobalSection
EndGlobal
